
Microsoft Visual Studio Solution File, Format Version 12.00
# Visual Studio Version 17
VisualStudioVersion = 17.2.32616.157
MinimumVisualStudioVersion = 10.0.40219.1
Project("{FAE04EC0-301F-11D3-BF4B-00C04F79EFBC}") = "Constructs", "Constructs\Constructs.csproj", "{EBDE3B76-30A8-4489-9C11-279FA0B3C576}"
EndProject
Global
	GlobalSection(SolutionConfigurationPlatforms) = preSolution
		Debug|Any CPU = Debug|Any CPU
		Release|Any CPU = Release|Any CPU
	EndGlobalSection
	GlobalSection(ProjectConfigurationPlatforms) = postSolution
		{EBDE3B76-30A8-4489-9C11-279FA0B3C576}.Debug|Any CPU.ActiveCfg = Debug|Any CPU
		{EBDE3B76-30A8-4489-9C11-279FA0B3C576}.Debug|Any CPU.Build.0 = Debug|Any CPU
		{EBDE3B76-30A8-4489-9C11-279FA0B3C576}.Release|Any CPU.ActiveCfg = Release|Any CPU
		{EBDE3B76-30A8-4489-9C11-279FA0B3C576}.Release|Any CPU.Build.0 = Release|Any CPU
	EndGlobalSection
	GlobalSection(SolutionProperties) = preSolution
		HideSolutionNode = FALSE
	EndGlobalSection
	GlobalSection(ExtensibilityGlobals) = postSolution
		SolutionGuid = {04ABB30A-DA41-4744-9861-C123C4F0C0DF}
	EndGlobalSection
EndGlobal
